
Microsoft Visual Studio Solution File, Format Version 12.00
# Visual Studio Version 16
VisualStudioVersion = 16.0.29306.81
MinimumVisualStudioVersion = 10.0.40219.1
Project("{8BC9CEB8-8B4A-11D0-8D11-00A0C91BC942}") = "MathClient", "MathClient\MathClient.vcxproj", "{A4681947-63F2-445B-B221-A1E5F889E21D}"
EndProject
Global
	GlobalSection(SolutionConfigurationPlatforms) = preSolution
		Debug|x64 = Debug|x64
		Debug|x86 = Debug|x86
		Release|x64 = Release|x64
		Release|x86 = Release|x86
	EndGlobalSection
	GlobalSection(ProjectConfigurationPlatforms) = postSolution
		{A4681947-63F2-445B-B221-A1E5F889E21D}.Debug|x64.ActiveCfg = Debug|x64
		{A4681947-63F2-445B-B221-A1E5F889E21D}.Debug|x64.Build.0 = Debug|x64
		{A4681947-63F2-445B-B221-A1E5F889E21D}.Debug|x86.ActiveCfg = Debug|Win32
		{A4681947-63F2-445B-B221-A1E5F889E21D}.Debug|x86.Build.0 = Debug|Win32
		{A4681947-63F2-445B-B221-A1E5F889E21D}.Release|x64.ActiveCfg = Release|x64
		{A4681947-63F2-445B-B221-A1E5F889E21D}.Release|x64.Build.0 = Release|x64
		{A4681947-63F2-445B-B221-A1E5F889E21D}.Release|x86.ActiveCfg = Release|Win32
		{A4681947-63F2-445B-B221-A1E5F889E21D}.Release|x86.Build.0 = Release|Win32
	EndGlobalSection
	GlobalSection(SolutionProperties) = preSolution
		HideSolutionNode = FALSE
	EndGlobalSection
	GlobalSection(ExtensibilityGlobals) = postSolution
		SolutionGuid = {33AD9A05-7877-45EB-8C65-27CE3A02C79F}
	EndGlobalSection
EndGlobal
